
Microsoft Visual Studio Solution File, Format Version 12.00
# Visual Studio Version 16
VisualStudioVersion = 16.0.31605.320
MinimumVisualStudioVersion = 10.0.40219.1
Project("{FAE04EC0-301F-11D3-BF4B-00C04F79EFBC}") = "OkaPanel", "OkaPanel\OkaPanel.csproj", "{B037B099-8E74-48F8-8A5A-24DDCA9AD996}"
EndProject
Global
	GlobalSection(SolutionConfigurationPlatforms) = preSolution
		Debug|Any CPU = Debug|Any CPU
		Release|Any CPU = Release|Any CPU
	EndGlobalSection
	GlobalSection(ProjectConfigurationPlatforms) = postSolution
		{B037B099-8E74-48F8-8A5A-24DDCA9AD996}.Debug|Any CPU.ActiveCfg = Debug|Any CPU
		{B037B099-8E74-48F8-8A5A-24DDCA9AD996}.Debug|Any CPU.Build.0 = Debug|Any CPU
		{B037B099-8E74-48F8-8A5A-24DDCA9AD996}.Release|Any CPU.ActiveCfg = Release|Any CPU
		{B037B099-8E74-48F8-8A5A-24DDCA9AD996}.Release|Any CPU.Build.0 = Release|Any CPU
	EndGlobalSection
	GlobalSection(SolutionProperties) = preSolution
		HideSolutionNode = FALSE
	EndGlobalSection
	GlobalSection(ExtensibilityGlobals) = postSolution
		SolutionGuid = {D146DEBF-D479-4F99-B6BB-E9B5592B864F}
	EndGlobalSection
EndGlobal
